
Microsoft Visual Studio Solution File, Format Version 12.00
# Visual Studio Version 16
VisualStudioVersion = 16.0.31005.135
MinimumVisualStudioVersion = 10.0.40219.1
Project("{FAE04EC0-301F-11D3-BF4B-00C04F79EFBC}") = "Encoder", "Encoder.csproj", "{D584852C-61D9-4303-B0C1-242932B58AAE}"
EndProject
Global
	GlobalSection(SolutionConfigurationPlatforms) = preSolution
		Debug|Any CPU = Debug|Any CPU
		Release|Any CPU = Release|Any CPU
	EndGlobalSection
	GlobalSection(ProjectConfigurationPlatforms) = postSolution
		{D584852C-61D9-4303-B0C1-242932B58AAE}.Debug|Any CPU.ActiveCfg = Debug|Any CPU
		{D584852C-61D9-4303-B0C1-242932B58AAE}.Debug|Any CPU.Build.0 = Debug|Any CPU
		{D584852C-61D9-4303-B0C1-242932B58AAE}.Release|Any CPU.ActiveCfg = Release|Any CPU
		{D584852C-61D9-4303-B0C1-242932B58AAE}.Release|Any CPU.Build.0 = Release|Any CPU
	EndGlobalSection
	GlobalSection(SolutionProperties) = preSolution
		HideSolutionNode = FALSE
	EndGlobalSection
	GlobalSection(ExtensibilityGlobals) = postSolution
		SolutionGuid = {30B5C8A1-39A1-40B0-B703-037844091F06}
	EndGlobalSection
EndGlobal
